
Microsoft Visual Studio Solution File, Format Version 12.00
# Visual Studio Version 16
VisualStudioVersion = 16.0.30320.27
MinimumVisualStudioVersion = 10.0.40219.1
Project("{FAE04EC0-301F-11D3-BF4B-00C04F79EFBC}") = "The Cashier", "The Cashier\The Cashier.csproj", "{FA9B3341-5119-4C76-819E-D1E6F39C2C6B}"
EndProject
Global
	GlobalSection(SolutionConfigurationPlatforms) = preSolution
		Debug|Any CPU = Debug|Any CPU
		Release|Any CPU = Release|Any CPU
	EndGlobalSection
	GlobalSection(ProjectConfigurationPlatforms) = postSolution
		{FA9B3341-5119-4C76-819E-D1E6F39C2C6B}.Debug|Any CPU.ActiveCfg = Debug|Any CPU
		{FA9B3341-5119-4C76-819E-D1E6F39C2C6B}.Debug|Any CPU.Build.0 = Debug|Any CPU
		{FA9B3341-5119-4C76-819E-D1E6F39C2C6B}.Release|Any CPU.ActiveCfg = Release|Any CPU
		{FA9B3341-5119-4C76-819E-D1E6F39C2C6B}.Release|Any CPU.Build.0 = Release|Any CPU
	EndGlobalSection
	GlobalSection(SolutionProperties) = preSolution
		HideSolutionNode = FALSE
	EndGlobalSection
	GlobalSection(ExtensibilityGlobals) = postSolution
		SolutionGuid = {8ABA3D99-229D-4BBA-BDDC-D586A61173FA}
	EndGlobalSection
EndGlobal
